
Microsoft Visual Studio Solution File, Format Version 12.00
# Visual Studio Version 17
VisualStudioVersion = 17.0.31903.59
MinimumVisualStudioVersion = 10.0.40219.1
Project("{FAE04EC0-301F-11D3-BF4B-00C04F79EFBC}") = "Lucktext", "Lucktext\Lucktext.csproj", "{F33C9A3F-238D-4ED3-986F-F000B4B8ACCF}"
EndProject
Global
	GlobalSection(SolutionConfigurationPlatforms) = preSolution
		Debug|Any CPU = Debug|Any CPU
		Release|Any CPU = Release|Any CPU
	EndGlobalSection
	GlobalSection(SolutionProperties) = preSolution
		HideSolutionNode = FALSE
	EndGlobalSection
	GlobalSection(ProjectConfigurationPlatforms) = postSolution
		{F33C9A3F-238D-4ED3-986F-F000B4B8ACCF}.Debug|Any CPU.ActiveCfg = Debug|Any CPU
		{F33C9A3F-238D-4ED3-986F-F000B4B8ACCF}.Debug|Any CPU.Build.0 = Debug|Any CPU
		{F33C9A3F-238D-4ED3-986F-F000B4B8ACCF}.Release|Any CPU.ActiveCfg = Release|Any CPU
		{F33C9A3F-238D-4ED3-986F-F000B4B8ACCF}.Release|Any CPU.Build.0 = Release|Any CPU
	EndGlobalSection
EndGlobal
